
Microsoft Visual Studio Solution File, Format Version 12.00
# Visual Studio Version 17
VisualStudioVersion = 17.6.33712.159
MinimumVisualStudioVersion = 10.0.40219.1
Project("{9A19103F-16F7-4668-BE54-9A1E7A4F7556}") = "EventManagmentMVCCore", "EventManagmentMVCCore.csproj", "{3B13DCEA-6700-4EAD-AD36-8CDFEE406FEB}"
EndProject
Project("{9A19103F-16F7-4668-BE54-9A1E7A4F7556}") = "Event.DOM", "..\Event.DOM\Event.DOM.csproj", "{604DC4AB-4FB1-410D-8E0F-7E19EFA28500}"
EndProject
Project("{9A19103F-16F7-4668-BE54-9A1E7A4F7556}") = "Event.DAL", "..\Event.DAL\Event.DAL.csproj", "{2691EAD1-F525-4238-8019-3523232F0081}"
EndProject
Project("{FAE04EC0-301F-11D3-BF4B-00C04F79EFBC}") = "ScreenRecordedSoft", "..\ScreenRecordedSoft\ScreenRecordedSoft.csproj", "{02CB1DE9-E791-4E11-9F83-15DC1E3D0591}"
EndProject
Global
	GlobalSection(SolutionConfigurationPlatforms) = preSolution
		Debug|Any CPU = Debug|Any CPU
		Release|Any CPU = Release|Any CPU
	EndGlobalSection
	GlobalSection(ProjectConfigurationPlatforms) = postSolution
		{3B13DCEA-6700-4EAD-AD36-8CDFEE406FEB}.Debug|Any CPU.ActiveCfg = Debug|Any CPU
		{3B13DCEA-6700-4EAD-AD36-8CDFEE406FEB}.Debug|Any CPU.Build.0 = Debug|Any CPU
		{3B13DCEA-6700-4EAD-AD36-8CDFEE406FEB}.Release|Any CPU.ActiveCfg = Release|Any CPU
		{3B13DCEA-6700-4EAD-AD36-8CDFEE406FEB}.Release|Any CPU.Build.0 = Release|Any CPU
		{604DC4AB-4FB1-410D-8E0F-7E19EFA28500}.Debug|Any CPU.ActiveCfg = Debug|Any CPU
		{604DC4AB-4FB1-410D-8E0F-7E19EFA28500}.Debug|Any CPU.Build.0 = Debug|Any CPU
		{604DC4AB-4FB1-410D-8E0F-7E19EFA28500}.Release|Any CPU.ActiveCfg = Release|Any CPU
		{604DC4AB-4FB1-410D-8E0F-7E19EFA28500}.Release|Any CPU.Build.0 = Release|Any CPU
		{2691EAD1-F525-4238-8019-3523232F0081}.Debug|Any CPU.ActiveCfg = Debug|Any CPU
		{2691EAD1-F525-4238-8019-3523232F0081}.Debug|Any CPU.Build.0 = Debug|Any CPU
		{2691EAD1-F525-4238-8019-3523232F0081}.Release|Any CPU.ActiveCfg = Release|Any CPU
		{2691EAD1-F525-4238-8019-3523232F0081}.Release|Any CPU.Build.0 = Release|Any CPU
		{02CB1DE9-E791-4E11-9F83-15DC1E3D0591}.Debug|Any CPU.ActiveCfg = Debug|Any CPU
		{02CB1DE9-E791-4E11-9F83-15DC1E3D0591}.Debug|Any CPU.Build.0 = Debug|Any CPU
		{02CB1DE9-E791-4E11-9F83-15DC1E3D0591}.Release|Any CPU.ActiveCfg = Release|Any CPU
		{02CB1DE9-E791-4E11-9F83-15DC1E3D0591}.Release|Any CPU.Build.0 = Release|Any CPU
	EndGlobalSection
	GlobalSection(SolutionProperties) = preSolution
		HideSolutionNode = FALSE
	EndGlobalSection
	GlobalSection(ExtensibilityGlobals) = postSolution
		SolutionGuid = {50DC8B5B-8CEC-424E-91B0-B67871223AAC}
	EndGlobalSection
EndGlobal
